
Microsoft Visual Studio Solution File, Format Version 12.00
# Visual Studio Version 16
VisualStudioVersion = 16.0.30225.117
MinimumVisualStudioVersion = 10.0.40219.1
Project("{FAE04EC0-301F-11D3-BF4B-00C04F79EFBC}") = "WinFormsContacts", "WinFormsContacts\WinFormsContacts.csproj", "{D5362DB8-BA4E-4B3C-9DF8-08238BA94843}"
EndProject
Global
	GlobalSection(SolutionConfigurationPlatforms) = preSolution
		Debug|Any CPU = Debug|Any CPU
		Release|Any CPU = Release|Any CPU
	EndGlobalSection
	GlobalSection(ProjectConfigurationPlatforms) = postSolution
		{D5362DB8-BA4E-4B3C-9DF8-08238BA94843}.Debug|Any CPU.ActiveCfg = Debug|Any CPU
		{D5362DB8-BA4E-4B3C-9DF8-08238BA94843}.Debug|Any CPU.Build.0 = Debug|Any CPU
		{D5362DB8-BA4E-4B3C-9DF8-08238BA94843}.Release|Any CPU.ActiveCfg = Release|Any CPU
		{D5362DB8-BA4E-4B3C-9DF8-08238BA94843}.Release|Any CPU.Build.0 = Release|Any CPU
	EndGlobalSection
	GlobalSection(SolutionProperties) = preSolution
		HideSolutionNode = FALSE
	EndGlobalSection
	GlobalSection(ExtensibilityGlobals) = postSolution
		SolutionGuid = {2965CCC9-AD25-4D98-B9F3-8FD252814F34}
	EndGlobalSection
EndGlobal
